
Microsoft Visual Studio Solution File, Format Version 12.00
# Visual Studio 2012
Project("{FAE04EC0-301F-11D3-BF4B-00C04F79EFBC}") = "XamarinSamples", "XamarinSamples\XamarinSamples.csproj", "{E0A50C3D-33CD-4C2B-A4B9-0BE5D7A0927C}"
EndProject
Project("{FAE04EC0-301F-11D3-BF4B-00C04F79EFBC}") = "XamarinSamples.iOS", "iOS\XamarinSamples.iOS.csproj", "{8422EAD4-23C8-466D-9FBD-94DBB85A67EF}"
EndProject
Project("{FAE04EC0-301F-11D3-BF4B-00C04F79EFBC}") = "XamarinSamples.Droid", "Droid\XamarinSamples.Droid.csproj", "{B69EE3FC-33D7-438D-AFDA-EFCD55842474}"
EndProject
Global
	GlobalSection(SolutionConfigurationPlatforms) = preSolution
		Debug|Any CPU = Debug|Any CPU
		Release|Any CPU = Release|Any CPU
		Debug|iPhoneSimulator = Debug|iPhoneSimulator
		Release|iPhone = Release|iPhone
		Release|iPhoneSimulator = Release|iPhoneSimulator
		Debug|iPhone = Debug|iPhone
	EndGlobalSection
	GlobalSection(ProjectConfigurationPlatforms) = postSolution
		{E0A50C3D-33CD-4C2B-A4B9-0BE5D7A0927C}.Debug|Any CPU.ActiveCfg = Debug|Any CPU
		{E0A50C3D-33CD-4C2B-A4B9-0BE5D7A0927C}.Debug|Any CPU.Build.0 = Debug|Any CPU
		{E0A50C3D-33CD-4C2B-A4B9-0BE5D7A0927C}.Release|Any CPU.ActiveCfg = Release|Any CPU
		{E0A50C3D-33CD-4C2B-A4B9-0BE5D7A0927C}.Release|Any CPU.Build.0 = Release|Any CPU
		{E0A50C3D-33CD-4C2B-A4B9-0BE5D7A0927C}.Debug|iPhoneSimulator.ActiveCfg = Debug|Any CPU
		{E0A50C3D-33CD-4C2B-A4B9-0BE5D7A0927C}.Debug|iPhoneSimulator.Build.0 = Debug|Any CPU
		{E0A50C3D-33CD-4C2B-A4B9-0BE5D7A0927C}.Release|iPhone.ActiveCfg = Release|Any CPU
		{E0A50C3D-33CD-4C2B-A4B9-0BE5D7A0927C}.Release|iPhone.Build.0 = Release|Any CPU
		{E0A50C3D-33CD-4C2B-A4B9-0BE5D7A0927C}.Release|iPhoneSimulator.ActiveCfg = Release|Any CPU
		{E0A50C3D-33CD-4C2B-A4B9-0BE5D7A0927C}.Release|iPhoneSimulator.Build.0 = Release|Any CPU
		{E0A50C3D-33CD-4C2B-A4B9-0BE5D7A0927C}.Debug|iPhone.ActiveCfg = Debug|Any CPU
		{E0A50C3D-33CD-4C2B-A4B9-0BE5D7A0927C}.Debug|iPhone.Build.0 = Debug|Any CPU
		{8422EAD4-23C8-466D-9FBD-94DBB85A67EF}.Debug|Any CPU.ActiveCfg = Debug|iPhoneSimulator
		{8422EAD4-23C8-466D-9FBD-94DBB85A67EF}.Debug|Any CPU.Build.0 = Debug|iPhoneSimulator
		{8422EAD4-23C8-466D-9FBD-94DBB85A67EF}.Release|Any CPU.ActiveCfg = Release|iPhone
		{8422EAD4-23C8-466D-9FBD-94DBB85A67EF}.Release|Any CPU.Build.0 = Release|iPhone
		{8422EAD4-23C8-466D-9FBD-94DBB85A67EF}.Debug|iPhoneSimulator.ActiveCfg = Debug|iPhoneSimulator
		{8422EAD4-23C8-466D-9FBD-94DBB85A67EF}.Debug|iPhoneSimulator.Build.0 = Debug|iPhoneSimulator
		{8422EAD4-23C8-466D-9FBD-94DBB85A67EF}.Release|iPhone.ActiveCfg = Release|iPhone
		{8422EAD4-23C8-466D-9FBD-94DBB85A67EF}.Release|iPhone.Build.0 = Release|iPhone
		{8422EAD4-23C8-466D-9FBD-94DBB85A67EF}.Release|iPhoneSimulator.ActiveCfg = Release|iPhoneSimulator
		{8422EAD4-23C8-466D-9FBD-94DBB85A67EF}.Release|iPhoneSimulator.Build.0 = Release|iPhoneSimulator
		{8422EAD4-23C8-466D-9FBD-94DBB85A67EF}.Debug|iPhone.ActiveCfg = Debug|iPhone
		{8422EAD4-23C8-466D-9FBD-94DBB85A67EF}.Debug|iPhone.Build.0 = Debug|iPhone
		{B69EE3FC-33D7-438D-AFDA-EFCD55842474}.Debug|Any CPU.ActiveCfg = Debug|Any CPU
		{B69EE3FC-33D7-438D-AFDA-EFCD55842474}.Debug|Any CPU.Build.0 = Debug|Any CPU
		{B69EE3FC-33D7-438D-AFDA-EFCD55842474}.Release|Any CPU.ActiveCfg = Release|Any CPU
		{B69EE3FC-33D7-438D-AFDA-EFCD55842474}.Release|Any CPU.Build.0 = Release|Any CPU
		{B69EE3FC-33D7-438D-AFDA-EFCD55842474}.Debug|iPhoneSimulator.ActiveCfg = Debug|Any CPU
		{B69EE3FC-33D7-438D-AFDA-EFCD55842474}.Debug|iPhoneSimulator.Build.0 = Debug|Any CPU
		{B69EE3FC-33D7-438D-AFDA-EFCD55842474}.Release|iPhone.ActiveCfg = Release|Any CPU
		{B69EE3FC-33D7-438D-AFDA-EFCD55842474}.Release|iPhone.Build.0 = Release|Any CPU
		{B69EE3FC-33D7-438D-AFDA-EFCD55842474}.Release|iPhoneSimulator.ActiveCfg = Release|Any CPU
		{B69EE3FC-33D7-438D-AFDA-EFCD55842474}.Release|iPhoneSimulator.Build.0 = Release|Any CPU
		{B69EE3FC-33D7-438D-AFDA-EFCD55842474}.Debug|iPhone.ActiveCfg = Debug|Any CPU
		{B69EE3FC-33D7-438D-AFDA-EFCD55842474}.Debug|iPhone.Build.0 = Debug|Any CPU
	EndGlobalSection
EndGlobal
